
Microsoft Visual Studio Solution File, Format Version 12.00
# Visual Studio 15
VisualStudioVersion = 15.0.27703.2035
MinimumVisualStudioVersion = 10.0.40219.1
Project("{FAE04EC0-301F-11D3-BF4B-00C04F79EFBC}") = "DragDropTryWpf", "DragDropTryWpf\DragDropTryWpf.csproj", "{3C616948-AA7B-4748-BC0B-89493ABEB567}"
EndProject
Project("{FAE04EC0-301F-11D3-BF4B-00C04F79EFBC}") = "DragDropSupport", "DragDropSupport\DragDropSupport.csproj", "{F2A2592A-1837-45E6-90FE-487A090E7D43}"
EndProject
Global
	GlobalSection(SolutionConfigurationPlatforms) = preSolution
		Debug|Any CPU = Debug|Any CPU
		Release|Any CPU = Release|Any CPU
	EndGlobalSection
	GlobalSection(ProjectConfigurationPlatforms) = postSolution
		{3C616948-AA7B-4748-BC0B-89493ABEB567}.Debug|Any CPU.ActiveCfg = Debug|Any CPU
		{3C616948-AA7B-4748-BC0B-89493ABEB567}.Debug|Any CPU.Build.0 = Debug|Any CPU
		{3C616948-AA7B-4748-BC0B-89493ABEB567}.Release|Any CPU.ActiveCfg = Release|Any CPU
		{3C616948-AA7B-4748-BC0B-89493ABEB567}.Release|Any CPU.Build.0 = Release|Any CPU
		{F2A2592A-1837-45E6-90FE-487A090E7D43}.Debug|Any CPU.ActiveCfg = Debug|Any CPU
		{F2A2592A-1837-45E6-90FE-487A090E7D43}.Debug|Any CPU.Build.0 = Debug|Any CPU
		{F2A2592A-1837-45E6-90FE-487A090E7D43}.Release|Any CPU.ActiveCfg = Release|Any CPU
		{F2A2592A-1837-45E6-90FE-487A090E7D43}.Release|Any CPU.Build.0 = Release|Any CPU
	EndGlobalSection
	GlobalSection(SolutionProperties) = preSolution
		HideSolutionNode = FALSE
	EndGlobalSection
	GlobalSection(ExtensibilityGlobals) = postSolution
		SolutionGuid = {18D65D12-3A12-4A08-82A2-93EBE2815B64}
	EndGlobalSection
EndGlobal
